{
  "originHash" : "8e48cbf746f3364a238df97bffa6cc3383fcfeb545158731e0ec6ce8a819960e",
  "pins" : [
    {
      "identity" : "opencv-spm",
      "kind" : "remoteSourceControl",
      "location" : "https://github.com/yeatse/opencv-spm.git",
      "state" : {
        "revision" : "141d91be1f53990b4f5d63e1373afba539a7914d",
        "version" : "4.12.0"
      }
    }
  ],
  "version" : 3
}
